
Microsoft Visual Studio Solution File, Format Version 12.00
# Visual Studio 2012
Project("{FAE04EC0-301F-11D3-BF4B-00C04F79EFBC}") = "MinaGlosor.Web", "MinaGlosor.Web\MinaGlosor.Web.csproj", "{EF6FE2C7-6620-4026-8348-2FE927C873FB}"
EndProject
Project("{FAE04EC0-301F-11D3-BF4B-00C04F79EFBC}") = "MinaGlosor.Test", "MinaGlosor.Test\MinaGlosor.Test.csproj", "{A624E131-3E56-49F9-8589-6F6A410DABA7}"
EndProject
Project("{FAE04EC0-301F-11D3-BF4B-00C04F79EFBC}") = "MinaGlosor.Tool", "MinaGlosor.Tool\MinaGlosor.Tool.csproj", "{0532FCFE-1D1D-4E0F-9A12-F30595627F9A}"
EndProject
Global
	GlobalSection(SolutionConfigurationPlatforms) = preSolution
		Debug|Any CPU = Debug|Any CPU
		Release|Any CPU = Release|Any CPU
	EndGlobalSection
	GlobalSection(ProjectConfigurationPlatforms) = postSolution
		{EF6FE2C7-6620-4026-8348-2FE927C873FB}.Debug|Any CPU.ActiveCfg = Debug|Any CPU
		{EF6FE2C7-6620-4026-8348-2FE927C873FB}.Debug|Any CPU.Build.0 = Debug|Any CPU
		{EF6FE2C7-6620-4026-8348-2FE927C873FB}.Release|Any CPU.ActiveCfg = Release|Any CPU
		{EF6FE2C7-6620-4026-8348-2FE927C873FB}.Release|Any CPU.Build.0 = Release|Any CPU
		{A624E131-3E56-49F9-8589-6F6A410DABA7}.Debug|Any CPU.ActiveCfg = Debug|Any CPU
		{A624E131-3E56-49F9-8589-6F6A410DABA7}.Debug|Any CPU.Build.0 = Debug|Any CPU
		{A624E131-3E56-49F9-8589-6F6A410DABA7}.Release|Any CPU.ActiveCfg = Release|Any CPU
		{A624E131-3E56-49F9-8589-6F6A410DABA7}.Release|Any CPU.Build.0 = Release|Any CPU
		{0532FCFE-1D1D-4E0F-9A12-F30595627F9A}.Debug|Any CPU.ActiveCfg = Debug|Any CPU
		{0532FCFE-1D1D-4E0F-9A12-F30595627F9A}.Debug|Any CPU.Build.0 = Debug|Any CPU
		{0532FCFE-1D1D-4E0F-9A12-F30595627F9A}.Release|Any CPU.ActiveCfg = Release|Any CPU
		{0532FCFE-1D1D-4E0F-9A12-F30595627F9A}.Release|Any CPU.Build.0 = Release|Any CPU
	EndGlobalSection
	GlobalSection(SolutionProperties) = preSolution
		HideSolutionNode = FALSE
	EndGlobalSection
EndGlobal
